
Microsoft Visual Studio Solution File, Format Version 12.00
# Visual Studio Version 16
VisualStudioVersion = 16.0.29613.14
MinimumVisualStudioVersion = 10.0.40219.1
Project("{FAE04EC0-301F-11D3-BF4B-00C04F79EFBC}") = "core", "core\core.csproj", "{390AF259-4B3F-493B-ABB1-269373F93CB2}"
EndProject
Global
	GlobalSection(SolutionConfigurationPlatforms) = preSolution
		Debug|Any CPU = Debug|Any CPU
		Release|Any CPU = Release|Any CPU
	EndGlobalSection
	GlobalSection(ProjectConfigurationPlatforms) = postSolution
		{390AF259-4B3F-493B-ABB1-269373F93CB2}.Debug|Any CPU.ActiveCfg = Debug|Any CPU
		{390AF259-4B3F-493B-ABB1-269373F93CB2}.Debug|Any CPU.Build.0 = Debug|Any CPU
		{390AF259-4B3F-493B-ABB1-269373F93CB2}.Release|Any CPU.ActiveCfg = Release|Any CPU
		{390AF259-4B3F-493B-ABB1-269373F93CB2}.Release|Any CPU.Build.0 = Release|Any CPU
	EndGlobalSection
	GlobalSection(SolutionProperties) = preSolution
		HideSolutionNode = FALSE
	EndGlobalSection
	GlobalSection(ExtensibilityGlobals) = postSolution
		SolutionGuid = {4F4B96CB-BCCB-4AF6-86A5-68443E5B23AB}
	EndGlobalSection
EndGlobal
